%{"amrita": {:git, "git://github.com/josephwilk/amrita.git", "bc28aeb2c773a71808dd814a9390758da1af744c", []},
  "cauldron": {:package, "0.1.5"},
  "cowboy": {:package, "1.0.0"},
  "cowlib": {:package, "1.0.0"},
  "exts": {:package, "0.2.2"},
  "hackney": {:package, "0.13.1"},
  "httpoison": {:package, "0.4.2"},
  "httpotion": {:package, "0.2.4"},
  "httprot": {:package, "0.1.5"},
  "ibrowse": {:git, "git://github.com/cmullaparthi/ibrowse.git", "7871e2ebe8811efb64e1917e2de455fa87e8dfe3", [tag: "v4.1.0"]},
  "idna": {:package, "1.0.1"},
  "jazz": {:package, "0.2.1"},
  "linguist": {:package, "0.1.2"},
  "meck": {:git, "git://github.com/eproxus/meck.git", "b1f313b4cecc3df05a477a93641bf0a24d858590", [branch: "master"]},
  "phoenix": {:package, "0.4.1"},
  "plug": {:package, "0.7.0"},
  "poison": {:package, "1.1.1"},
  "ranch": {:package, "1.0.0"},
  "reagent": {:package, "0.1.5"},
  "socket": {:package, "0.2.8"},
  "urna": {:package, "0.1.4"}}
